{
  "nodes": {
    "nixpkgs": {
      "locked": {
        "lastModified": 1773507054,
        "narHash": "sha256-Q8U5VXgrcxmCxPtCCJCIZkcAX3FCZwGh1GNVIXxMND0=",
        "owner": "NixOS",
        "repo": "nixpkgs",
        "rev": "e80236013dc8b77aa49ca90e7a12d86f5d8d64c9",
        "type": "github"
      },
      "original": {
        "owner": "NixOS",
        "ref": "nixpkgs-unstable",
        "repo": "nixpkgs",
        "type": "github"
      }
    },
    "nixpkgs_2": {
      "locked": {
        "lastModified": 1773909469,
        "narHash": "sha256-vglVrLfHjFIzIdV9A27Ugul6rh3I1qHbbitGW7dk420=",
        "owner": "NixOS",
        "repo": "nixpkgs",
        "rev": "7149c06513f335be57f26fcbbbe34afda923882b",
        "type": "github"
      },
      "original": {
        "owner": "NixOS",
        "ref": "nixpkgs-unstable",
        "repo": "nixpkgs",
        "type": "github"
      }
    },
    "opencode": {
      "inputs": {
        "nixpkgs": "nixpkgs_2"
      },
      "locked": {
        "lastModified": 1775327537,
        "narHash": "sha256-LHYuhsETKPGm7Ke4nvQGTDbMRevaKXmOSERHMgEVkvo=",
        "owner": "anomalyco",
        "repo": "opencode",
        "rev": "cc50b778eb1dfb909b667af0d08d26ba88e8e529",
        "type": "github"
      },
      "original": {
        "owner": "anomalyco",
        "ref": "v1.3.14",
        "repo": "opencode",
        "type": "github"
      }
    },
    "opencode-tps-patch": {
      "flake": false,
      "locked": {
        "lastModified": 1775337956,
        "narHash": "sha256-dRFOlHrFIjTh2PVYCsbcv26g+LXXW6z8rr+tnEmoCvg=",
        "owner": "guard22",
        "repo": "opencode-tps-meter",
        "rev": "891519f585a5d4908dc40031b70b5a70b9e7af73",
        "type": "github"
      },
      "original": {
        "owner": "guard22",
        "ref": "main",
        "repo": "opencode-tps-meter",
        "type": "github"
      }
    },
    "root": {
      "inputs": {
        "nixpkgs": "nixpkgs",
        "opencode": "opencode",
        "opencode-tps-patch": "opencode-tps-patch"
      }
    }
  },
  "root": "root",
  "version": 7
}
